
Microsoft Visual Studio Solution File, Format Version 12.00
# Visual Studio Version 16
VisualStudioVersion = 16.0.37327.17
MinimumVisualStudioVersion = 10.0.40219.1
Project("{8BC9CEB8-8B4A-11D0-8D11-00A0C91BC942}") = "aimp_inputDTS", "aimp_inputDTS.vcxproj", "{E575960F-1556-4357-9E92-8149D5B5B106}"
EndProject
Global
	GlobalSection(SolutionConfigurationPlatforms) = preSolution
		Debug|x64 = Debug|x64
		Debug|x86 = Debug|x86
		Release|x64 = Release|x64
		Release|x86 = Release|x86
	EndGlobalSection
	GlobalSection(ProjectConfigurationPlatforms) = postSolution
		{E575960F-1556-4357-9E92-8149D5B5B106}.Debug|x64.ActiveCfg = Debug|x64
		{E575960F-1556-4357-9E92-8149D5B5B106}.Debug|x64.Build.0 = Debug|x64
		{E575960F-1556-4357-9E92-8149D5B5B106}.Debug|x86.ActiveCfg = Debug|Win32
		{E575960F-1556-4357-9E92-8149D5B5B106}.Debug|x86.Build.0 = Debug|Win32
		{E575960F-1556-4357-9E92-8149D5B5B106}.Release|x64.ActiveCfg = Release|x64
		{E575960F-1556-4357-9E92-8149D5B5B106}.Release|x64.Build.0 = Release|x64
		{E575960F-1556-4357-9E92-8149D5B5B106}.Release|x86.ActiveCfg = Release|Win32
		{E575960F-1556-4357-9E92-8149D5B5B106}.Release|x86.Build.0 = Release|Win32
	EndGlobalSection
	GlobalSection(SolutionProperties) = preSolution
		HideSolutionNode = FALSE
	EndGlobalSection
	GlobalSection(ExtensibilityGlobals) = postSolution
		SolutionGuid = {0682D5BD-486E-43BC-B52D-41F83E110425}
	EndGlobalSection
EndGlobal
